
Microsoft Visual Studio Solution File, Format Version 12.00
# Visual Studio Version 17
VisualStudioVersion = 17.3.32901.215
MinimumVisualStudioVersion = 10.0.40219.1
Project("{2150E333-8FDC-42A3-9474-1A3956D46DE8}") = "src", "src", "{155E53F7-0FFE-4153-A3EB-804B5BB38156}"
EndProject
Project("{9A19103F-16F7-4668-BE54-9A1E7A4F7556}") = "RandomSerializerTestApp.Console", "src\RandomSerializerTestApp.Console\RandomSerializerTestApp.Console.csproj", "{40151F36-43EA-4DCF-A5CE-B868DDBA640B}"
EndProject
Project("{9A19103F-16F7-4668-BE54-9A1E7A4F7556}") = "RandomSerializerTestApp.Core", "src\RandomSerializerTestApp.Core\RandomSerializerTestApp.Core.csproj", "{885FE85E-8A40-4FC6-9277-70B4E48F0881}"
EndProject
Global
	GlobalSection(SolutionConfigurationPlatforms) = preSolution
		Debug|Any CPU = Debug|Any CPU
		Release|Any CPU = Release|Any CPU
	EndGlobalSection
	GlobalSection(ProjectConfigurationPlatforms) = postSolution
		{40151F36-43EA-4DCF-A5CE-B868DDBA640B}.Debug|Any CPU.ActiveCfg = Debug|Any CPU
		{40151F36-43EA-4DCF-A5CE-B868DDBA640B}.Debug|Any CPU.Build.0 = Debug|Any CPU
		{40151F36-43EA-4DCF-A5CE-B868DDBA640B}.Release|Any CPU.ActiveCfg = Release|Any CPU
		{40151F36-43EA-4DCF-A5CE-B868DDBA640B}.Release|Any CPU.Build.0 = Release|Any CPU
		{885FE85E-8A40-4FC6-9277-70B4E48F0881}.Debug|Any CPU.ActiveCfg = Debug|Any CPU
		{885FE85E-8A40-4FC6-9277-70B4E48F0881}.Debug|Any CPU.Build.0 = Debug|Any CPU
		{885FE85E-8A40-4FC6-9277-70B4E48F0881}.Release|Any CPU.ActiveCfg = Release|Any CPU
		{885FE85E-8A40-4FC6-9277-70B4E48F0881}.Release|Any CPU.Build.0 = Release|Any CPU
	EndGlobalSection
	GlobalSection(SolutionProperties) = preSolution
		HideSolutionNode = FALSE
	EndGlobalSection
	GlobalSection(NestedProjects) = preSolution
		{40151F36-43EA-4DCF-A5CE-B868DDBA640B} = {155E53F7-0FFE-4153-A3EB-804B5BB38156}
		{885FE85E-8A40-4FC6-9277-70B4E48F0881} = {155E53F7-0FFE-4153-A3EB-804B5BB38156}
	EndGlobalSection
	GlobalSection(ExtensibilityGlobals) = postSolution
		SolutionGuid = {680097B1-83A6-4A2E-B07E-84433E7D33B5}
	EndGlobalSection
EndGlobal
